{
  "lockfileVersion": 1,
  "configVersion": 1,
  "workspaces": {
    "": {
      "name": "agentworld-hud",
      "dependencies": {
        "@preact/signals": "^2.8.1",
        "preact": "^10.25.0",
      },
    },
  },
  "packages": {
    "@preact/signals": ["@preact/signals@2.8.1", "", { "dependencies": { "@preact/signals-core": "^1.13.0" }, "peerDependencies": { "preact": ">= 10.25.0 || >=11.0.0-0" } }, "sha512-wX6U0SpcCukZTJBs5ChljvBZb3XmYzA5gd4vKHgX8wZZKaQCo2WHtmThdLx+mcVvlBa5u3XShC7ffbETJD4BiQ=="],

    "@preact/signals-core": ["@preact/signals-core@1.13.0", "", {}, "sha512-slT6XeTCAbdql61GVLlGU4x7XHI7kCZV5Um5uhE4zLX4ApgiiXc0UYFvVOKq06xcovzp7p+61l68oPi563ARKg=="],

    "preact": ["preact@10.28.4", "", {}, "sha512-uKFfOHWuSNpRFVTnljsCluEFq57OKT+0QdOiQo8XWnQ/pSvg7OpX5eNOejELXJMWy+BwM2nobz0FkvzmnpCNsQ=="],
  }
}
